// !$*UTF8*$!
{
	archiveVersion = 1;
	classes = {
	};
	objectVersion = 46;
	objects = {

/* Begin PBXBuildFile section */
		1D3BE72A15FB895900B44577 /* ReadQuestionText.m in Sources */ = {isa = PBXBuildFile; fileRef = 1D3BE72915FB895900B44577 /* ReadQuestionText.m */; };
		1D3BE72D15FB97BF00B44577 /* QuestionText.csv in Resources */ = {isa = PBXBuildFile; fileRef = 1D3BE72C15FB97BF00B44577 /* QuestionText.csv */; };
		1D3BE73015FBCB4E00B44577 /* AudioToolbox.framework in Frameworks */ = {isa = PBXBuildFile; fileRef = 1D3BE72F15FBCB4E00B44577 /* AudioToolbox.framework */; };
		1D3BE73315FBCF1D00B44577 /* wrong.mp3 in Resources */ = {isa = PBXBuildFile; fileRef = 1D3BE73115FBCF1D00B44577 /* wrong.mp3 */; };
		1D3BE73415FBCF1D00B44577 /* right.wav in Resources */ = {isa = PBXBuildFile; fileRef = 1D3BE73215FBCF1D00B44577 /* right.wav */; };
		1D8937A515F73DF7005962EB /* UIKit.framework in Frameworks */ = {isa = PBXBuildFile; fileRef = 1D8937A415F73DF7005962EB /* UIKit.framework */; };
		1D8937A715F73DF7005962EB /* Foundation.framework in Frameworks */ = {isa = PBXBuildFile; fileRef = 1D8937A615F73DF7005962EB /* Foundation.framework */; };
		1D8937A915F73DF7005962EB /* CoreGraphics.framework in Frameworks */ = {isa = PBXBuildFile; fileRef = 1D8937A815F73DF7005962EB /* CoreGraphics.framework */; };
		1D8937AF15F73DF7005962EB /* InfoPlist.strings in Resources */ = {isa = PBXBuildFile; fileRef = 1D8937AD15F73DF7005962EB /* InfoPlist.strings */; };
		1D8937B115F73DF7005962EB /* main.m in Sources */ = {isa = PBXBuildFile; fileRef = 1D8937B015F73DF7005962EB /* main.m */; };
		1D8937B515F73DF7005962EB /* AppDelegate.m in Sources */ = {isa = PBXBuildFile; fileRef = 1D8937B415F73DF7005962EB /* AppDelegate.m */; };
		1D8937B815F73DF7005962EB /* MainStoryboard.storyboard in Resources */ = {isa = PBXBuildFile; fileRef = 1D8937B615F73DF7005962EB /* MainStoryboard.storyboard */; };
		1D8937BB15F73DF7005962EB /* ViewController.m in Sources */ = {isa = PBXBuildFile; fileRef = 1D8937BA15F73DF7005962EB /* ViewController.m */; };
		1DCD602915FDAA82002EF3C5 /* QuestionOperator.m in Sources */ = {isa = PBXBuildFile; fileRef = 1DCD602815FDAA81002EF3C5 /* QuestionOperator.m */; };
		1DE3143615F8869F00213ADA /* image_5.jpg in Resources */ = {isa = PBXBuildFile; fileRef = 1DE3143415F8869F00213ADA /* image_5.jpg */; };
		1DE3143715F8869F00213ADA /* image_6.jpg in Resources */ = {isa = PBXBuildFile; fileRef = 1DE3143515F8869F00213ADA /* image_6.jpg */; };
		1DE3143B15F8A19100213ADA /* wrong.jpg in Resources */ = {isa = PBXBuildFile; fileRef = 1DE3143915F8A19100213ADA /* wrong.jpg */; };
		1DE3143C15F8A19100213ADA /* right.jpg in Resources */ = {isa = PBXBuildFile; fileRef = 1DE3143A15F8A19100213ADA /* right.jpg */; };
		1DE3144215F8BFBA00213ADA /* image_0.jpg in Resources */ = {isa = PBXBuildFile; fileRef = 1DE3143D15F8BFBA00213ADA /* image_0.jpg */; };
		1DE3144315F8BFBA00213ADA /* image_1.jpg in Resources */ = {isa = PBXBuildFile; fileRef = 1DE3143E15F8BFBA00213ADA /* image_1.jpg */; };
		1DE3144415F8BFBA00213ADA /* image_2.jpg in Resources */ = {isa = PBXBuildFile; fileRef = 1DE3143F15F8BFBA00213ADA /* image_2.jpg */; };
		1DE3144515F8BFBA00213ADA /* image_3.jpg in Resources */ = {isa = PBXBuildFile; fileRef = 1DE3144015F8BFBA00213ADA /* image_3.jpg */; };
		1DE3144615F8BFBA00213ADA /* image_4.jpg in Resources */ = {isa = PBXBuildFile; fileRef = 1DE3144115F8BFBA00213ADA /* image_4.jpg */; };
		E908FE2815F8E39700FA93D2 /* ResultViewController.m in Sources */ = {isa = PBXBuildFile; fileRef = E908FE2715F8E39700FA93D2 /* ResultViewController.m */; };
		E960905E15FDE930002D6F46 /* Result50ViewController.m in Sources */ = {isa = PBXBuildFile; fileRef = E960905D15FDE930002D6F46 /* Result50ViewController.m */; };
		E98A86F015F85FD600607254 /* QuestionViewController.m in Sources */ = {isa = PBXBuildFile; fileRef = E98A86EF15F85FD600607254 /* QuestionViewController.m */; };
		E9EF893115FB0C220014F193 /* RankingViewController.m in Sources */ = {isa = PBXBuildFile; fileRef = E9EF893015FB0C220014F193 /* RankingViewController.m */; };
/* End PBXBuildFile section */

/* Begin PBXFileReference section */
		1D3BE72815FB895900B44577 /* ReadQuestionText.h */ = {isa = PBXFileReference; fileEncoding = 4; lastKnownFileType = sourcecode.c.h; path = ReadQuestionText.h; sourceTree = "<group>"; };
		1D3BE72915FB895900B44577 /* ReadQuestionText.m */ = {isa = PBXFileReference; fileEncoding = 4; lastKnownFileType = sourcecode.c.objc; path = ReadQuestionText.m; sourceTree = "<group>"; };
		1D3BE72C15FB97BF00B44577 /* QuestionText.csv */ = {isa = PBXFileReference; fileEncoding = 4; lastKnownFileType = text; path = QuestionText.csv; sourceTree = "<group>"; };
		1D3BE72F15FBCB4E00B44577 /* AudioToolbox.framework */ = {isa = PBXFileReference; lastKnownFileType = wrapper.framework; name = AudioToolbox.framework; path = System/Library/Frameworks/AudioToolbox.framework; sourceTree = SDKROOT; };
		1D3BE73115FBCF1D00B44577 /* wrong.mp3 */ = {isa = PBXFileReference; lastKnownFileType = audio.mp3; path = wrong.mp3; sourceTree = "<group>"; };
		1D3BE73215FBCF1D00B44577 /* right.wav */ = {isa = PBXFileReference; lastKnownFileType = audio.wav; path = right.wav; sourceTree = "<group>"; };
		1D8937A015F73DF7005962EB /* CyberAgent.app */ = {isa = PBXFileReference; explicitFileType = wrapper.application; includeInIndex = 0; path = CyberAgent.app; sourceTree = BUILT_PRODUCTS_DIR; };
		1D8937A415F73DF7005962EB /* UIKit.framework */ = {isa = PBXFileReference; lastKnownFileType = wrapper.framework; name = UIKit.framework; path = System/Library/Frameworks/UIKit.framework; sourceTree = SDKROOT; };
		1D8937A615F73DF7005962EB /* Foundation.framework */ = {isa = PBXFileReference; lastKnownFileType = wrapper.framework; name = Foundation.framework; path = System/Library/Frameworks/Foundation.framework; sourceTree = SDKROOT; };
		1D8937A815F73DF7005962EB /* CoreGraphics.framework */ = {isa = PBXFileReference; lastKnownFileType = wrapper.framework; name = CoreGraphics.framework; path = System/Library/Frameworks/CoreGraphics.framework; sourceTree = SDKROOT; };
		1D8937AC15F73DF7005962EB /* CyberAgent-Info.plist */ = {isa = PBXFileReference; lastKnownFileType = text.plist.xml; path = "CyberAgent-Info.plist"; sourceTree = "<group>"; };
		1D8937AE15F73DF7005962EB /* en */ = {isa = PBXFileReference; lastKnownFileType = text.plist.strings; name = en; path = en.lproj/InfoPlist.strings; sourceTree = "<group>"; };
		1D8937B015F73DF7005962EB /* main.m */ = {isa = PBXFileReference; lastKnownFileType = sourcecode.c.objc; path = main.m; sourceTree = "<group>"; };
		1D8937B215F73DF7005962EB /* CyberAgent-Prefix.pch */ = {isa = PBXFileReference; lastKnownFileType = sourcecode.c.h; path = "CyberAgent-Prefix.pch"; sourceTree = "<group>"; };
		1D8937B315F73DF7005962EB /* AppDelegate.h */ = {isa = PBXFileReference; lastKnownFileType = sourcecode.c.h; path = AppDelegate.h; sourceTree = "<group>"; };
		1D8937B415F73DF7005962EB /* AppDelegate.m */ = {isa = PBXFileReference; lastKnownFileType = sourcecode.c.objc; path = AppDelegate.m; sourceTree = "<group>"; };
		1D8937B715F73DF7005962EB /* en */ = {isa = PBXFileReference; lastKnownFileType = file.storyboard; name = en; path = en.lproj/MainStoryboard.storyboard; sourceTree = "<group>"; };
		1D8937B915F73DF7005962EB /* ViewController.h */ = {isa = PBXFileReference; lastKnownFileType = sourcecode.c.h; path = ViewController.h; sourceTree = "<group>"; };
		1D8937BA15F73DF7005962EB /* ViewController.m */ = {isa = PBXFileReference; lastKnownFileType = sourcecode.c.objc; path = ViewController.m; sourceTree = "<group>"; };
		1DCD602715FDAA81002EF3C5 /* QuestionOperator.h */ = {isa = PBXFileReference; fileEncoding = 4; lastKnownFileType = sourcecode.c.h; path = QuestionOperator.h; sourceTree = "<group>"; };
		1DCD602815FDAA81002EF3C5 /* QuestionOperator.m */ = {isa = PBXFileReference; fileEncoding = 4; lastKnownFileType = sourcecode.c.objc; path = QuestionOperator.m; sourceTree = "<group>"; };
		1DE3143415F8869F00213ADA /* image_5.jpg */ = {isa = PBXFileReference; lastKnownFileType = image.jpeg; path = image_5.jpg; sourceTree = "<group>"; };
		1DE3143515F8869F00213ADA /* image_6.jpg */ = {isa = PBXFileReference; lastKnownFileType = image.jpeg; path = image_6.jpg; sourceTree = "<group>"; };
		1DE3143915F8A19100213ADA /* wrong.jpg */ = {isa = PBXFileReference; lastKnownFileType = image.jpeg; path = wrong.jpg; sourceTree = "<group>"; };
		1DE3143A15F8A19100213ADA /* right.jpg */ = {isa = PBXFileReference; lastKnownFileType = image.jpeg; path = right.jpg; sourceTree = "<group>"; };
		1DE3143D15F8BFBA00213ADA /* image_0.jpg */ = {isa = PBXFileReference; lastKnownFileType = image.jpeg; path = image_0.jpg; sourceTree = "<group>"; };
		1DE3143E15F8BFBA00213ADA /* image_1.jpg */ = {isa = PBXFileReference; lastKnownFileType = image.jpeg; path = image_1.jpg; sourceTree = "<group>"; };
		1DE3143F15F8BFBA00213ADA /* image_2.jpg */ = {isa = PBXFileReference; lastKnownFileType = image.jpeg; path = image_2.jpg; sourceTree = "<group>"; };
		1DE3144015F8BFBA00213ADA /* image_3.jpg */ = {isa = PBXFileReference; lastKnownFileType = image.jpeg; path = image_3.jpg; sourceTree = "<group>"; };
		1DE3144115F8BFBA00213ADA /* image_4.jpg */ = {isa = PBXFileReference; lastKnownFileType = image.jpeg; path = image_4.jpg; sourceTree = "<group>"; };
		E908FE2615F8E39700FA93D2 /* ResultViewController.h */ = {isa = PBXFileReference; fileEncoding = 4; lastKnownFileType = sourcecode.c.h; path = ResultViewController.h; sourceTree = "<group>"; };
		E908FE2715F8E39700FA93D2 /* ResultViewController.m */ = {isa = PBXFileReference; fileEncoding = 4; lastKnownFileType = sourcecode.c.objc; path = ResultViewController.m; sourceTree = "<group>"; };
		E960905C15FDE930002D6F46 /* Result50ViewController.h */ = {isa = PBXFileReference; fileEncoding = 4; lastKnownFileType = sourcecode.c.h; path = Result50ViewController.h; sourceTree = "<group>"; };
		E960905D15FDE930002D6F46 /* Result50ViewController.m */ = {isa = PBXFileReference; fileEncoding = 4; lastKnownFileType = sourcecode.c.objc; path = Result50ViewController.m; sourceTree = "<group>"; };
		E98A86EE15F85FD600607254 /* QuestionViewController.h */ = {isa = PBXFileReference; fileEncoding = 4; lastKnownFileType = sourcecode.c.h; path = QuestionViewController.h; sourceTree = "<group>"; };
		E98A86EF15F85FD600607254 /* QuestionViewController.m */ = {isa = PBXFileReference; fileEncoding = 4; lastKnownFileType = sourcecode.c.objc; path = QuestionViewController.m; sourceTree = "<group>"; };
		E9EF892F15FB0C220014F193 /* RankingViewController.h */ = {isa = PBXFileReference; fileEncoding = 4; lastKnownFileType = sourcecode.c.h; path = RankingViewController.h; sourceTree = "<group>"; };
		E9EF893015FB0C220014F193 /* RankingViewController.m */ = {isa = PBXFileReference; fileEncoding = 4; lastKnownFileType = sourcecode.c.objc; path = RankingViewController.m; sourceTree = "<group>"; };
/* End PBXFileReference section */

/* Begin PBXFrameworksBuildPhase section */
		1D89379D15F73DF7005962EB /* Frameworks */ = {
			isa = PBXFrameworksBuildPhase;
			buildActionMask = 2147483647;
			files = (
				1D3BE73015FBCB4E00B44577 /* AudioToolbox.framework in Frameworks */,
				1D8937A515F73DF7005962EB /* UIKit.framework in Frameworks */,
				1D8937A715F73DF7005962EB /* Foundation.framework in Frameworks */,
				1D8937A915F73DF7005962EB /* CoreGraphics.framework in Frameworks */,
			);
			runOnlyForDeploymentPostprocessing = 0;
		};
/* End PBXFrameworksBuildPhase section */

/* Begin PBXGroup section */
		1D3BE72E15FBCAF300B44577 /* Sounds */ = {
			isa = PBXGroup;
			children = (
				1D3BE73115FBCF1D00B44577 /* wrong.mp3 */,
				1D3BE73215FBCF1D00B44577 /* right.wav */,
			);
			name = Sounds;
			sourceTree = "<group>";
		};
		1D89379515F73DF7005962EB = {
			isa = PBXGroup;
			children = (
				1D8937AA15F73DF7005962EB /* CyberAgent */,
				1D8937A315F73DF7005962EB /* Frameworks */,
				1D8937A115F73DF7005962EB /* Products */,
			);
			sourceTree = "<group>";
		};
		1D8937A115F73DF7005962EB /* Products */ = {
			isa = PBXGroup;
			children = (
				1D8937A015F73DF7005962EB /* CyberAgent.app */,
			);
			name = Products;
			sourceTree = "<group>";
		};
		1D8937A315F73DF7005962EB /* Frameworks */ = {
			isa = PBXGroup;
			children = (
				1D3BE72F15FBCB4E00B44577 /* AudioToolbox.framework */,
				1D8937A415F73DF7005962EB /* UIKit.framework */,
				1D8937A615F73DF7005962EB /* Foundation.framework */,
				1D8937A815F73DF7005962EB /* CoreGraphics.framework */,
			);
			name = Frameworks;
			sourceTree = "<group>";
		};
		1D8937AA15F73DF7005962EB /* CyberAgent */ = {
			isa = PBXGroup;
			children = (
				1D8937B315F73DF7005962EB /* AppDelegate.h */,
				1D8937B415F73DF7005962EB /* AppDelegate.m */,
				1D8937B615F73DF7005962EB /* MainStoryboard.storyboard */,
				1D8937B915F73DF7005962EB /* ViewController.h */,
				1D8937BA15F73DF7005962EB /* ViewController.m */,
				1DCD602715FDAA81002EF3C5 /* QuestionOperator.h */,
				1DCD602815FDAA81002EF3C5 /* QuestionOperator.m */,
				E98A86EE15F85FD600607254 /* QuestionViewController.h */,
				E98A86EF15F85FD600607254 /* QuestionViewController.m */,
				1D3BE72815FB895900B44577 /* ReadQuestionText.h */,
				1D3BE72915FB895900B44577 /* ReadQuestionText.m */,
				E908FE2615F8E39700FA93D2 /* ResultViewController.h */,
				E908FE2715F8E39700FA93D2 /* ResultViewController.m */,
				E960905C15FDE930002D6F46 /* Result50ViewController.h */,
				E960905D15FDE930002D6F46 /* Result50ViewController.m */,
				E9EF892F15FB0C220014F193 /* RankingViewController.h */,
				E9EF893015FB0C220014F193 /* RankingViewController.m */,
				1D8937AB15F73DF7005962EB /* Supporting Files */,
			);
			path = CyberAgent;
			sourceTree = "<group>";
		};
		1D8937AB15F73DF7005962EB /* Supporting Files */ = {
			isa = PBXGroup;
			children = (
				1DCD602615FD9F9E002EF3C5 /* image */,
				1D3BE72E15FBCAF300B44577 /* Sounds */,
				1D3BE72C15FB97BF00B44577 /* QuestionText.csv */,
				1D8937AC15F73DF7005962EB /* CyberAgent-Info.plist */,
				1D8937AD15F73DF7005962EB /* InfoPlist.strings */,
				1D8937B015F73DF7005962EB /* main.m */,
				1D8937B215F73DF7005962EB /* CyberAgent-Prefix.pch */,
			);
			name = "Supporting Files";
			sourceTree = "<group>";
		};
		1DCD602615FD9F9E002EF3C5 /* image */ = {
			isa = PBXGroup;
			children = (
				1DE3143D15F8BFBA00213ADA /* image_0.jpg */,
				1DE3143E15F8BFBA00213ADA /* image_1.jpg */,
				1DE3143F15F8BFBA00213ADA /* image_2.jpg */,
				1DE3144015F8BFBA00213ADA /* image_3.jpg */,
				1DE3144115F8BFBA00213ADA /* image_4.jpg */,
				1DE3143915F8A19100213ADA /* wrong.jpg */,
				1DE3143A15F8A19100213ADA /* right.jpg */,
				1DE3143415F8869F00213ADA /* image_5.jpg */,
				1DE3143515F8869F00213ADA /* image_6.jpg */,
			);
			name = image;
			sourceTree = "<group>";
		};
/* End PBXGroup section */

/* Begin PBXNativeTarget section */
		1D89379F15F73DF7005962EB /* CyberAgent */ = {
			isa = PBXNativeTarget;
			buildConfigurationList = 1D8937BE15F73DF7005962EB /* Build configuration list for PBXNativeTarget "CyberAgent" */;
			buildPhases = (
				1D89379C15F73DF7005962EB /* Sources */,
				1D89379D15F73DF7005962EB /* Frameworks */,
				1D89379E15F73DF7005962EB /* Resources */,
			);
			buildRules = (
			);
			dependencies = (
			);
			name = CyberAgent;
			productName = CyberAgent;
			productReference = 1D8937A015F73DF7005962EB /* CyberAgent.app */;
			productType = "com.apple.product-type.application";
		};
/* End PBXNativeTarget section */

/* Begin PBXProject section */
		1D89379715F73DF7005962EB /* Project object */ = {
			isa = PBXProject;
			attributes = {
				LastUpgradeCheck = 0440;
				ORGANIZATIONNAME = "上野 博司";
			};
			buildConfigurationList = 1D89379A15F73DF7005962EB /* Build configuration list for PBXProject "CyberAgent" */;
			compatibilityVersion = "Xcode 3.2";
			developmentRegion = English;
			hasScannedForEncodings = 0;
			knownRegions = (
				en,
			);
			mainGroup = 1D89379515F73DF7005962EB;
			productRefGroup = 1D8937A115F73DF7005962EB /* Products */;
			projectDirPath = "";
			projectRoot = "";
			targets = (
				1D89379F15F73DF7005962EB /* CyberAgent */,
			);
		};
/* End PBXProject section */

/* Begin PBXResourcesBuildPhase section */
		1D89379E15F73DF7005962EB /* Resources */ = {
			isa = PBXResourcesBuildPhase;
			buildActionMask = 2147483647;
			files = (
				1D8937AF15F73DF7005962EB /* InfoPlist.strings in Resources */,
				1D8937B815F73DF7005962EB /* MainStoryboard.storyboard in Resources */,
				1DE3143615F8869F00213ADA /* image_5.jpg in Resources */,
				1DE3143715F8869F00213ADA /* image_6.jpg in Resources */,
				1DE3143B15F8A19100213ADA /* wrong.jpg in Resources */,
				1DE3143C15F8A19100213ADA /* right.jpg in Resources */,
				1DE3144215F8BFBA00213ADA /* image_0.jpg in Resources */,
				1DE3144315F8BFBA00213ADA /* image_1.jpg in Resources */,
				1DE3144415F8BFBA00213ADA /* image_2.jpg in Resources */,
				1DE3144515F8BFBA00213ADA /* image_3.jpg in Resources */,
				1DE3144615F8BFBA00213ADA /* image_4.jpg in Resources */,
				1D3BE72D15FB97BF00B44577 /* QuestionText.csv in Resources */,
				1D3BE73315FBCF1D00B44577 /* wrong.mp3 in Resources */,
				1D3BE73415FBCF1D00B44577 /* right.wav in Resources */,
			);
			runOnlyForDeploymentPostprocessing = 0;
		};
/* End PBXResourcesBuildPhase section */

/* Begin PBXSourcesBuildPhase section */
		1D89379C15F73DF7005962EB /* Sources */ = {
			isa = PBXSourcesBuildPhase;
			buildActionMask = 2147483647;
			files = (
				1D8937B115F73DF7005962EB /* main.m in Sources */,
				1D8937B515F73DF7005962EB /* AppDelegate.m in Sources */,
				1D8937BB15F73DF7005962EB /* ViewController.m in Sources */,
				E98A86F015F85FD600607254 /* QuestionViewController.m in Sources */,
				E908FE2815F8E39700FA93D2 /* ResultViewController.m in Sources */,
				E9EF893115FB0C220014F193 /* RankingViewController.m in Sources */,
				1D3BE72A15FB895900B44577 /* ReadQuestionText.m in Sources */,
				1DCD602915FDAA82002EF3C5 /* QuestionOperator.m in Sources */,
				E960905E15FDE930002D6F46 /* Result50ViewController.m in Sources */,
			);
			runOnlyForDeploymentPostprocessing = 0;
		};
/* End PBXSourcesBuildPhase section */

/* Begin PBXVariantGroup section */
		1D8937AD15F73DF7005962EB /* InfoPlist.strings */ = {
			isa = PBXVariantGroup;
			children = (
				1D8937AE15F73DF7005962EB /* en */,
			);
			name = InfoPlist.strings;
			sourceTree = "<group>";
		};
		1D8937B615F73DF7005962EB /* MainStoryboard.storyboard */ = {
			isa = PBXVariantGroup;
			children = (
				1D8937B715F73DF7005962EB /* en */,
			);
			name = MainStoryboard.storyboard;
			sourceTree = "<group>";
		};
/* End PBXVariantGroup section */

/* Begin XCBuildConfiguration section */
		1D8937BC15F73DF7005962EB /* Debug */ = {
			isa = XCBuildConfiguration;
			buildSettings = {
				ALWAYS_SEARCH_USER_PATHS = NO;
				ARCHS = "$(ARCHS_STANDARD_32_BIT)";
				CLANG_CXX_LANGUAGE_STANDARD = "gnu++0x";
				CLANG_ENABLE_OBJC_ARC = YES;
				CLANG_WARN__DUPLICATE_METHOD_MATCH = YES;
				"CODE_SIGN_IDENTITY[sdk=iphoneos*]" = "iPhone Developer: Hiroshi Ueno (6A4MV8MYLK)";
				COPY_PHASE_STRIP = NO;
				GCC_C_LANGUAGE_STANDARD = gnu99;
				GCC_DYNAMIC_NO_PIC = NO;
				GCC_OPTIMIZATION_LEVEL = 0;
				GCC_PREPROCESSOR_DEFINITIONS = (
					"DEBUG=1",
					"$(inherited)",
				);
				GCC_SYMBOLS_PRIVATE_EXTERN = NO;
				GCC_VERSION = com.apple.compilers.llvm.clang.1_0;
				GCC_WARN_ABOUT_RETURN_TYPE = YES;
				GCC_WARN_UNINITIALIZED_AUTOS = YES;
				GCC_WARN_UNUSED_VARIABLE = YES;
				IPHONEOS_DEPLOYMENT_TARGET = 5.1;
				"PROVISIONING_PROFILE[sdk=iphoneos*]" = "B6850564-73E5-43E0-AD42-BF1A28F9E3F1";
				SDKROOT = iphoneos;
			};
			name = Debug;
		};
		1D8937BD15F73DF7005962EB /* Release */ = {
			isa = XCBuildConfiguration;
			buildSettings = {
				ALWAYS_SEARCH_USER_PATHS = NO;
				ARCHS = "$(ARCHS_STANDARD_32_BIT)";
				CLANG_CXX_LANGUAGE_STANDARD = "gnu++0x";
				CLANG_ENABLE_OBJC_ARC = YES;
				CLANG_WARN__DUPLICATE_METHOD_MATCH = YES;
				"CODE_SIGN_IDENTITY[sdk=iphoneos*]" = "iPhone Developer: Hiroshi Ueno (6A4MV8MYLK)";
				COPY_PHASE_STRIP = YES;
				GCC_C_LANGUAGE_STANDARD = gnu99;
				GCC_VERSION = com.apple.compilers.llvm.clang.1_0;
				GCC_WARN_ABOUT_RETURN_TYPE = YES;
				GCC_WARN_UNINITIALIZED_AUTOS = YES;
				GCC_WARN_UNUSED_VARIABLE = YES;
				IPHONEOS_DEPLOYMENT_TARGET = 5.1;
				OTHER_CFLAGS = "-DNS_BLOCK_ASSERTIONS=1";
				"PROVISIONING_PROFILE[sdk=iphoneos*]" = "B6850564-73E5-43E0-AD42-BF1A28F9E3F1";
				SDKROOT = iphoneos;
				VALIDATE_PRODUCT = YES;
			};
			name = Release;
		};
		1D8937BF15F73DF7005962EB /* Debug */ = {
			isa = XCBuildConfiguration;
			buildSettings = {
				"CODE_SIGN_IDENTITY[sdk=iphoneos*]" = "iPhone Developer: Hiroshi Ueno (6A4MV8MYLK)";
				COPY_PHASE_STRIP = YES;
				GCC_PRECOMPILE_PREFIX_HEADER = YES;
				GCC_PREFIX_HEADER = "CyberAgent/CyberAgent-Prefix.pch";
				INFOPLIST_FILE = "CyberAgent/CyberAgent-Info.plist";
				PRODUCT_NAME = "$(TARGET_NAME)";
				"PROVISIONING_PROFILE[sdk=iphoneos*]" = "B6850564-73E5-43E0-AD42-BF1A28F9E3F1";
				WRAPPER_EXTENSION = app;
			};
			name = Debug;
		};
		1D8937C015F73DF7005962EB /* Release */ = {
			isa = XCBuildConfiguration;
			buildSettings = {
				"CODE_SIGN_IDENTITY[sdk=iphoneos*]" = "iPhone Developer: Hiroshi Ueno (6A4MV8MYLK)";
				COPY_PHASE_STRIP = YES;
				GCC_PRECOMPILE_PREFIX_HEADER = YES;
				GCC_PREFIX_HEADER = "CyberAgent/CyberAgent-Prefix.pch";
				INFOPLIST_FILE = "CyberAgent/CyberAgent-Info.plist";
				PRODUCT_NAME = "$(TARGET_NAME)";
				"PROVISIONING_PROFILE[sdk=iphoneos*]" = "B6850564-73E5-43E0-AD42-BF1A28F9E3F1";
				WRAPPER_EXTENSION = app;
			};
			name = Release;
		};
/* End XCBuildConfiguration section */

/* Begin XCConfigurationList section */
		1D89379A15F73DF7005962EB /* Build configuration list for PBXProject "CyberAgent" */ = {
			isa = XCConfigurationList;
			buildConfigurations = (
				1D8937BC15F73DF7005962EB /* Debug */,
				1D8937BD15F73DF7005962EB /* Release */,
			);
			defaultConfigurationIsVisible = 0;
			defaultConfigurationName = Release;
		};
		1D8937BE15F73DF7005962EB /* Build configuration list for PBXNativeTarget "CyberAgent" */ = {
			isa = XCConfigurationList;
			buildConfigurations = (
				1D8937BF15F73DF7005962EB /* Debug */,
				1D8937C015F73DF7005962EB /* Release */,
			);
			defaultConfigurationIsVisible = 0;
			defaultConfigurationName = Release;
		};
/* End XCConfigurationList section */
	};
	rootObject = 1D89379715F73DF7005962EB /* Project object */;
}
